// !$*UTF8*$!
{
	archiveVersion = 1;
	classes = {
	};
	objectVersion = 50;
	objects = {

/* Begin PBXBuildFile section */
		FAD4647C271A6A5B0011C980 /* AppDelegate.swift in Sources */ = {isa = PBXBuildFile; fileRef = FAD4647B271A6A5B0011C980 /* AppDelegate.swift */; };
		FAD4647E271A6A5B0011C980 /* SceneDelegate.swift in Sources */ = {isa = PBXBuildFile; fileRef = FAD4647D271A6A5B0011C980 /* SceneDelegate.swift */; };
		FAD46480271A6A5B0011C980 /* ContactListViewController.swift in Sources */ = {isa = PBXBuildFile; fileRef = FAD4647F271A6A5B0011C980 /* ContactListViewController.swift */; };
		FAD46483271A6A5B0011C980 /* Main.storyboard in Resources */ = {isa = PBXBuildFile; fileRef = FAD46481271A6A5B0011C980 /* Main.storyboard */; };
		FAD46485271A6A5E0011C980 /* Assets.xcassets in Resources */ = {isa = PBXBuildFile; fileRef = FAD46484271A6A5E0011C980 /* Assets.xcassets */; };
		FAD46488271A6A5E0011C980 /* LaunchScreen.storyboard in Resources */ = {isa = PBXBuildFile; fileRef = FAD46486271A6A5E0011C980 /* LaunchScreen.storyboard */; };
		FAD46493271A6AB40011C980 /* DataService.swift in Sources */ = {isa = PBXBuildFile; fileRef = FAD46492271A6AB40011C980 /* DataService.swift */; };
		FAD464A6271A70370011C980 /* ContactListTableViewCell.xib in Resources */ = {isa = PBXBuildFile; fileRef = FAD464A5271A70370011C980 /* ContactListTableViewCell.xib */; };
		FAD464A9271A704A0011C980 /* ContactListTableViewCell.swift in Sources */ = {isa = PBXBuildFile; fileRef = FAD464A8271A704A0011C980 /* ContactListTableViewCell.swift */; };
		FAD464AC271A71130011C980 /* ContactListViewModel.swift in Sources */ = {isa = PBXBuildFile; fileRef = FAD464AB271A71130011C980 /* ContactListViewModel.swift */; };
		FAD464AF271A71250011C980 /* ContactListTableViewDataSource.swift in Sources */ = {isa = PBXBuildFile; fileRef = FAD464AE271A71250011C980 /* ContactListTableViewDataSource.swift */; };
		FAD464B2271A71C90011C980 /* ContactListData.swift in Sources */ = {isa = PBXBuildFile; fileRef = FAD464B1271A71C90011C980 /* ContactListData.swift */; };
		FAD464B7271A73820011C980 /* data.json in Resources */ = {isa = PBXBuildFile; fileRef = FAD464B6271A73820011C980 /* data.json */; };
		FAD464BE271A7D8F0011C980 /* ContactDetailViewController.swift in Sources */ = {isa = PBXBuildFile; fileRef = FAD464BD271A7D8F0011C980 /* ContactDetailViewController.swift */; };
		FAD464C2271A7D990011C980 /* ContactDetailViewModel.swift in Sources */ = {isa = PBXBuildFile; fileRef = FAD464C1271A7D990011C980 /* ContactDetailViewModel.swift */; };
/* End PBXBuildFile section */

/* Begin PBXFileReference section */
		FAD46478271A6A5B0011C980 /* assessment.app */ = {isa = PBXFileReference; explicitFileType = wrapper.application; includeInIndex = 0; path = assessment.app; sourceTree = BUILT_PRODUCTS_DIR; };
		FAD4647B271A6A5B0011C980 /* AppDelegate.swift */ = {isa = PBXFileReference; lastKnownFileType = sourcecode.swift; path = AppDelegate.swift; sourceTree = "<group>"; };
		FAD4647D271A6A5B0011C980 /* SceneDelegate.swift */ = {isa = PBXFileReference; lastKnownFileType = sourcecode.swift; path = SceneDelegate.swift; sourceTree = "<group>"; };
		FAD4647F271A6A5B0011C980 /* ContactListViewController.swift */ = {isa = PBXFileReference; lastKnownFileType = sourcecode.swift; path = ContactListViewController.swift; sourceTree = "<group>"; };
		FAD46482271A6A5B0011C980 /* Base */ = {isa = PBXFileReference; lastKnownFileType = file.storyboard; name = Base; path = Base.lproj/Main.storyboard; sourceTree = "<group>"; };
		FAD46484271A6A5E0011C980 /* Assets.xcassets */ = {isa = PBXFileReference; lastKnownFileType = folder.assetcatalog; path = Assets.xcassets; sourceTree = "<group>"; };
		FAD46487271A6A5E0011C980 /* Base */ = {isa = PBXFileReference; lastKnownFileType = file.storyboard; name = Base; path = Base.lproj/LaunchScreen.storyboard; sourceTree = "<group>"; };
		FAD46489271A6A5E0011C980 /* Info.plist */ = {isa = PBXFileReference; lastKnownFileType = text.plist.xml; path = Info.plist; sourceTree = "<group>"; };
		FAD46492271A6AB40011C980 /* DataService.swift */ = {isa = PBXFileReference; lastKnownFileType = sourcecode.swift; path = DataService.swift; sourceTree = "<group>"; };
		FAD464A5271A70370011C980 /* ContactListTableViewCell.xib */ = {isa = PBXFileReference; lastKnownFileType = file.xib; path = ContactListTableViewCell.xib; sourceTree = "<group>"; };
		FAD464A8271A704A0011C980 /* ContactListTableViewCell.swift */ = {isa = PBXFileReference; lastKnownFileType = sourcecode.swift; path = ContactListTableViewCell.swift; sourceTree = "<group>"; };
		FAD464AB271A71130011C980 /* ContactListViewModel.swift */ = {isa = PBXFileReference; lastKnownFileType = sourcecode.swift; path = ContactListViewModel.swift; sourceTree = "<group>"; };
		FAD464AE271A71250011C980 /* ContactListTableViewDataSource.swift */ = {isa = PBXFileReference; lastKnownFileType = sourcecode.swift; path = ContactListTableViewDataSource.swift; sourceTree = "<group>"; };
		FAD464B1271A71C90011C980 /* ContactListData.swift */ = {isa = PBXFileReference; lastKnownFileType = sourcecode.swift; path = ContactListData.swift; sourceTree = "<group>"; };
		FAD464B6271A73820011C980 /* data.json */ = {isa = PBXFileReference; fileEncoding = 4; lastKnownFileType = text.json; path = data.json; sourceTree = "<group>"; };
		FAD464BD271A7D8F0011C980 /* ContactDetailViewController.swift */ = {isa = PBXFileReference; lastKnownFileType = sourcecode.swift; path = ContactDetailViewController.swift; sourceTree = "<group>"; };
		FAD464C1271A7D990011C980 /* ContactDetailViewModel.swift */ = {isa = PBXFileReference; lastKnownFileType = sourcecode.swift; path = ContactDetailViewModel.swift; sourceTree = "<group>"; };
/* End PBXFileReference section */

/* Begin PBXFrameworksBuildPhase section */
		FAD46475271A6A5B0011C980 /* Frameworks */ = {
			isa = PBXFrameworksBuildPhase;
			buildActionMask = 2147483647;
			files = (
			);
			runOnlyForDeploymentPostprocessing = 0;
		};
/* End PBXFrameworksBuildPhase section */

/* Begin PBXGroup section */
		FAD4646F271A6A5B0011C980 = {
			isa = PBXGroup;
			children = (
				FAD4647A271A6A5B0011C980 /* assessment */,
				FAD46479271A6A5B0011C980 /* Products */,
			);
			sourceTree = "<group>";
		};
		FAD46479271A6A5B0011C980 /* Products */ = {
			isa = PBXGroup;
			children = (
				FAD46478271A6A5B0011C980 /* assessment.app */,
			);
			name = Products;
			sourceTree = "<group>";
		};
		FAD4647A271A6A5B0011C980 /* assessment */ = {
			isa = PBXGroup;
			children = (
				FAD46491271A6AA60011C980 /* Service */,
				FAD46495271A6ABA0011C980 /* Model */,
				FAD46496271A6AC10011C980 /* Module */,
				FAD46497271A6AC80011C980 /* Starter */,
				FAD464B5271A736F0011C980 /* Resource */,
			);
			path = assessment;
			sourceTree = "<group>";
		};
		FAD46491271A6AA60011C980 /* Service */ = {
			isa = PBXGroup;
			children = (
				FAD46492271A6AB40011C980 /* DataService.swift */,
			);
			path = Service;
			sourceTree = "<group>";
		};
		FAD46495271A6ABA0011C980 /* Model */ = {
			isa = PBXGroup;
			children = (
				FAD464B1271A71C90011C980 /* ContactListData.swift */,
			);
			path = Model;
			sourceTree = "<group>";
		};
		FAD46496271A6AC10011C980 /* Module */ = {
			isa = PBXGroup;
			children = (
				FAD4649A271A6F890011C980 /* ContactList */,
				FAD4649B271A6F900011C980 /* ContactDetail */,
				FAD46481271A6A5B0011C980 /* Main.storyboard */,
			);
			path = Module;
			sourceTree = "<group>";
		};
		FAD46497271A6AC80011C980 /* Starter */ = {
			isa = PBXGroup;
			children = (
				FAD4647B271A6A5B0011C980 /* AppDelegate.swift */,
				FAD4647D271A6A5B0011C980 /* SceneDelegate.swift */,
				FAD46484271A6A5E0011C980 /* Assets.xcassets */,
				FAD46486271A6A5E0011C980 /* LaunchScreen.storyboard */,
				FAD46489271A6A5E0011C980 /* Info.plist */,
			);
			path = Starter;
			sourceTree = "<group>";
		};
		FAD4649A271A6F890011C980 /* ContactList */ = {
			isa = PBXGroup;
			children = (
				FAD4649C271A6F990011C980 /* View */,
				FAD4649D271A6F9F0011C980 /* Scene */,
			);
			path = ContactList;
			sourceTree = "<group>";
		};
		FAD4649B271A6F900011C980 /* ContactDetail */ = {
			isa = PBXGroup;
			children = (
				FAD464BC271A7D800011C980 /* Scene */,
			);
			path = ContactDetail;
			sourceTree = "<group>";
		};
		FAD4649C271A6F990011C980 /* View */ = {
			isa = PBXGroup;
			children = (
				FAD464A5271A70370011C980 /* ContactListTableViewCell.xib */,
				FAD464A8271A704A0011C980 /* ContactListTableViewCell.swift */,
			);
			path = View;
			sourceTree = "<group>";
		};
		FAD4649D271A6F9F0011C980 /* Scene */ = {
			isa = PBXGroup;
			children = (
				FAD4647F271A6A5B0011C980 /* ContactListViewController.swift */,
				FAD464AB271A71130011C980 /* ContactListViewModel.swift */,
				FAD464AE271A71250011C980 /* ContactListTableViewDataSource.swift */,
			);
			path = Scene;
			sourceTree = "<group>";
		};
		FAD464B5271A736F0011C980 /* Resource */ = {
			isa = PBXGroup;
			children = (
				FAD464B6271A73820011C980 /* data.json */,
			);
			path = Resource;
			sourceTree = "<group>";
		};
		FAD464BC271A7D800011C980 /* Scene */ = {
			isa = PBXGroup;
			children = (
				FAD464BD271A7D8F0011C980 /* ContactDetailViewController.swift */,
				FAD464C1271A7D990011C980 /* ContactDetailViewModel.swift */,
			);
			path = Scene;
			sourceTree = "<group>";
		};
/* End PBXGroup section */

/* Begin PBXNativeTarget section */
		FAD46477271A6A5B0011C980 /* assessment */ = {
			isa = PBXNativeTarget;
			buildConfigurationList = FAD4648C271A6A5E0011C980 /* Build configuration list for PBXNativeTarget "assessment" */;
			buildPhases = (
				FAD46474271A6A5B0011C980 /* Sources */,
				FAD46475271A6A5B0011C980 /* Frameworks */,
				FAD46476271A6A5B0011C980 /* Resources */,
			);
			buildRules = (
			);
			dependencies = (
			);
			name = assessment;
			productName = assessment;
			productReference = FAD46478271A6A5B0011C980 /* assessment.app */;
			productType = "com.apple.product-type.application";
		};
/* End PBXNativeTarget section */

/* Begin PBXProject section */
		FAD46470271A6A5B0011C980 /* Project object */ = {
			isa = PBXProject;
			attributes = {
				LastSwiftUpdateCheck = 1240;
				LastUpgradeCheck = 1240;
				TargetAttributes = {
					FAD46477271A6A5B0011C980 = {
						CreatedOnToolsVersion = 12.4;
					};
				};
			};
			buildConfigurationList = FAD46473271A6A5B0011C980 /* Build configuration list for PBXProject "assessment" */;
			compatibilityVersion = "Xcode 9.3";
			developmentRegion = en;
			hasScannedForEncodings = 0;
			knownRegions = (
				en,
				Base,
			);
			mainGroup = FAD4646F271A6A5B0011C980;
			productRefGroup = FAD46479271A6A5B0011C980 /* Products */;
			projectDirPath = "";
			projectRoot = "";
			targets = (
				FAD46477271A6A5B0011C980 /* assessment */,
			);
		};
/* End PBXProject section */

/* Begin PBXResourcesBuildPhase section */
		FAD46476271A6A5B0011C980 /* Resources */ = {
			isa = PBXResourcesBuildPhase;
			buildActionMask = 2147483647;
			files = (
				FAD464A6271A70370011C980 /* ContactListTableViewCell.xib in Resources */,
				FAD46488271A6A5E0011C980 /* LaunchScreen.storyboard in Resources */,
				FAD46485271A6A5E0011C980 /* Assets.xcassets in Resources */,
				FAD464B7271A73820011C980 /* data.json in Resources */,
				FAD46483271A6A5B0011C980 /* Main.storyboard in Resources */,
			);
			runOnlyForDeploymentPostprocessing = 0;
		};
/* End PBXResourcesBuildPhase section */

/* Begin PBXSourcesBuildPhase section */
		FAD46474271A6A5B0011C980 /* Sources */ = {
			isa = PBXSourcesBuildPhase;
			buildActionMask = 2147483647;
			files = (
				FAD464AC271A71130011C980 /* ContactListViewModel.swift in Sources */,
				FAD46480271A6A5B0011C980 /* ContactListViewController.swift in Sources */,
				FAD464B2271A71C90011C980 /* ContactListData.swift in Sources */,
				FAD464A9271A704A0011C980 /* ContactListTableViewCell.swift in Sources */,
				FAD464BE271A7D8F0011C980 /* ContactDetailViewController.swift in Sources */,
				FAD4647C271A6A5B0011C980 /* AppDelegate.swift in Sources */,
				FAD46493271A6AB40011C980 /* DataService.swift in Sources */,
				FAD464AF271A71250011C980 /* ContactListTableViewDataSource.swift in Sources */,
				FAD464C2271A7D990011C980 /* ContactDetailViewModel.swift in Sources */,
				FAD4647E271A6A5B0011C980 /* SceneDelegate.swift in Sources */,
			);
			runOnlyForDeploymentPostprocessing = 0;
		};
/* End PBXSourcesBuildPhase section */

/* Begin PBXVariantGroup section */
		FAD46481271A6A5B0011C980 /* Main.storyboard */ = {
			isa = PBXVariantGroup;
			children = (
				FAD46482271A6A5B0011C980 /* Base */,
			);
			name = Main.storyboard;
			sourceTree = "<group>";
		};
		FAD46486271A6A5E0011C980 /* LaunchScreen.storyboard */ = {
			isa = PBXVariantGroup;
			children = (
				FAD46487271A6A5E0011C980 /* Base */,
			);
			name = LaunchScreen.storyboard;
			sourceTree = "<group>";
		};
/* End PBXVariantGroup section */

/* Begin XCBuildConfiguration section */
		FAD4648A271A6A5E0011C980 /* Debug */ = {
			isa = XCBuildConfiguration;
			buildSettings = {
				ALWAYS_SEARCH_USER_PATHS = NO;
				CLANG_ANALYZER_NONNULL = YES;
				CLANG_ANALYZER_NUMBER_OBJECT_CONVERSION = YES_AGGRESSIVE;
				CLANG_CXX_LANGUAGE_STANDARD = "gnu++14";
				CLANG_CXX_LIBRARY = "libc++";
				CLANG_ENABLE_MODULES = YES;
				CLANG_ENABLE_OBJC_ARC = YES;
				CLANG_ENABLE_OBJC_WEAK = YES;
				CLANG_WARN_BLOCK_CAPTURE_AUTORELEASING = YES;
				CLANG_WARN_BOOL_CONVERSION = YES;
				CLANG_WARN_COMMA = YES;
				CLANG_WARN_CONSTANT_CONVERSION = YES;
				CLANG_WARN_DEPRECATED_OBJC_IMPLEMENTATIONS = YES;
				CLANG_WARN_DIRECT_OBJC_ISA_USAGE = YES_ERROR;
				CLANG_WARN_DOCUMENTATION_COMMENTS = YES;
				CLANG_WARN_EMPTY_BODY = YES;
				CLANG_WARN_ENUM_CONVERSION = YES;
				CLANG_WARN_INFINITE_RECURSION = YES;
				CLANG_WARN_INT_CONVERSION = YES;
				CLANG_WARN_NON_LITERAL_NULL_CONVERSION = YES;
				CLANG_WARN_OBJC_IMPLICIT_RETAIN_SELF = YES;
				CLANG_WARN_OBJC_LITERAL_CONVERSION = YES;
				CLANG_WARN_OBJC_ROOT_CLASS = YES_ERROR;
				CLANG_WARN_QUOTED_INCLUDE_IN_FRAMEWORK_HEADER = YES;
				CLANG_WARN_RANGE_LOOP_ANALYSIS = YES;
				CLANG_WARN_STRICT_PROTOTYPES = YES;
				CLANG_WARN_SUSPICIOUS_MOVE = YES;
				CLANG_WARN_UNGUARDED_AVAILABILITY = YES_AGGRESSIVE;
				CLANG_WARN_UNREACHABLE_CODE = YES;
				CLANG_WARN__DUPLICATE_METHOD_MATCH = YES;
				COPY_PHASE_STRIP = NO;
				DEBUG_INFORMATION_FORMAT = dwarf;
				ENABLE_STRICT_OBJC_MSGSEND = YES;
				ENABLE_TESTABILITY = YES;
				GCC_C_LANGUAGE_STANDARD = gnu11;
				GCC_DYNAMIC_NO_PIC = NO;
				GCC_NO_COMMON_BLOCKS = YES;
				GCC_OPTIMIZATION_LEVEL = 0;
				GCC_PREPROCESSOR_DEFINITIONS = (
					"DEBUG=1",
					"$(inherited)",
				);
				GCC_WARN_64_TO_32_BIT_CONVERSION = YES;
				GCC_WARN_ABOUT_RETURN_TYPE = YES_ERROR;
				GCC_WARN_UNDECLARED_SELECTOR = YES;
				GCC_WARN_UNINITIALIZED_AUTOS = YES_AGGRESSIVE;
				GCC_WARN_UNUSED_FUNCTION = YES;
				GCC_WARN_UNUSED_VARIABLE = YES;
				IPHONEOS_DEPLOYMENT_TARGET = 14.4;
				MTL_ENABLE_DEBUG_INFO = INCLUDE_SOURCE;
				MTL_FAST_MATH = YES;
				ONLY_ACTIVE_ARCH = YES;
				SDKROOT = iphoneos;
				SWIFT_ACTIVE_COMPILATION_CONDITIONS = DEBUG;
				SWIFT_OPTIMIZATION_LEVEL = "-Onone";
			};
			name = Debug;
		};
		FAD4648B271A6A5E0011C980 /* Release */ = {
			isa = XCBuildConfiguration;
			buildSettings = {
				ALWAYS_SEARCH_USER_PATHS = NO;
				CLANG_ANALYZER_NONNULL = YES;
				CLANG_ANALYZER_NUMBER_OBJECT_CONVERSION = YES_AGGRESSIVE;
				CLANG_CXX_LANGUAGE_STANDARD = "gnu++14";
				CLANG_CXX_LIBRARY = "libc++";
				CLANG_ENABLE_MODULES = YES;
				CLANG_ENABLE_OBJC_ARC = YES;
				CLANG_ENABLE_OBJC_WEAK = YES;
				CLANG_WARN_BLOCK_CAPTURE_AUTORELEASING = YES;
				CLANG_WARN_BOOL_CONVERSION = YES;
				CLANG_WARN_COMMA = YES;
				CLANG_WARN_CONSTANT_CONVERSION = YES;
				CLANG_WARN_DEPRECATED_OBJC_IMPLEMENTATIONS = YES;
				CLANG_WARN_DIRECT_OBJC_ISA_USAGE = YES_ERROR;
				CLANG_WARN_DOCUMENTATION_COMMENTS = YES;
				CLANG_WARN_EMPTY_BODY = YES;
				CLANG_WARN_ENUM_CONVERSION = YES;
				CLANG_WARN_INFINITE_RECURSION = YES;
				CLANG_WARN_INT_CONVERSION = YES;
				CLANG_WARN_NON_LITERAL_NULL_CONVERSION = YES;
				CLANG_WARN_OBJC_IMPLICIT_RETAIN_SELF = YES;
				CLANG_WARN_OBJC_LITERAL_CONVERSION = YES;
				CLANG_WARN_OBJC_ROOT_CLASS = YES_ERROR;
				CLANG_WARN_QUOTED_INCLUDE_IN_FRAMEWORK_HEADER = YES;
				CLANG_WARN_RANGE_LOOP_ANALYSIS = YES;
				CLANG_WARN_STRICT_PROTOTYPES = YES;
				CLANG_WARN_SUSPICIOUS_MOVE = YES;
				CLANG_WARN_UNGUARDED_AVAILABILITY = YES_AGGRESSIVE;
				CLANG_WARN_UNREACHABLE_CODE = YES;
				CLANG_WARN__DUPLICATE_METHOD_MATCH = YES;
				COPY_PHASE_STRIP = NO;
				DEBUG_INFORMATION_FORMAT = "dwarf-with-dsym";
				ENABLE_NS_ASSERTIONS = NO;
				ENABLE_STRICT_OBJC_MSGSEND = YES;
				GCC_C_LANGUAGE_STANDARD = gnu11;
				GCC_NO_COMMON_BLOCKS = YES;
				GCC_WARN_64_TO_32_BIT_CONVERSION = YES;
				GCC_WARN_ABOUT_RETURN_TYPE = YES_ERROR;
				GCC_WARN_UNDECLARED_SELECTOR = YES;
				GCC_WARN_UNINITIALIZED_AUTOS = YES_AGGRESSIVE;
				GCC_WARN_UNUSED_FUNCTION = YES;
				GCC_WARN_UNUSED_VARIABLE = YES;
				IPHONEOS_DEPLOYMENT_TARGET = 14.4;
				MTL_ENABLE_DEBUG_INFO = NO;
				MTL_FAST_MATH = YES;
				SDKROOT = iphoneos;
				SWIFT_COMPILATION_MODE = wholemodule;
				SWIFT_OPTIMIZATION_LEVEL = "-O";
				VALIDATE_PRODUCT = YES;
			};
			name = Release;
		};
		FAD4648D271A6A5E0011C980 /* Debug */ = {
			isa = XCBuildConfiguration;
			buildSettings = {
				ASSETCATALOG_COMPILER_APPICON_NAME = AppIcon;
				ASSETCATALOG_COMPILER_GLOBAL_ACCENT_COLOR_NAME = AccentColor;
				CODE_SIGN_STYLE = Automatic;
				DEVELOPMENT_TEAM = 5URV96SG6R;
				INFOPLIST_FILE = assessment/Starter/Info.plist;
				LD_RUNPATH_SEARCH_PATHS = (
					"$(inherited)",
					"@executable_path/Frameworks",
				);
				PRODUCT_BUNDLE_IDENTIFIER = com.trinitywizard.assessment;
				PRODUCT_NAME = "$(TARGET_NAME)";
				SWIFT_VERSION = 5.0;
				TARGETED_DEVICE_FAMILY = "1,2";
			};
			name = Debug;
		};
		FAD4648E271A6A5E0011C980 /* Release */ = {
			isa = XCBuildConfiguration;
			buildSettings = {
				ASSETCATALOG_COMPILER_APPICON_NAME = AppIcon;
				ASSETCATALOG_COMPILER_GLOBAL_ACCENT_COLOR_NAME = AccentColor;
				CODE_SIGN_STYLE = Automatic;
				DEVELOPMENT_TEAM = 5URV96SG6R;
				INFOPLIST_FILE = assessment/Starter/Info.plist;
				LD_RUNPATH_SEARCH_PATHS = (
					"$(inherited)",
					"@executable_path/Frameworks",
				);
				PRODUCT_BUNDLE_IDENTIFIER = com.trinitywizard.assessment;
				PRODUCT_NAME = "$(TARGET_NAME)";
				SWIFT_VERSION = 5.0;
				TARGETED_DEVICE_FAMILY = "1,2";
			};
			name = Release;
		};
/* End XCBuildConfiguration section */

/* Begin XCConfigurationList section */
		FAD46473271A6A5B0011C980 /* Build configuration list for PBXProject "assessment" */ = {
			isa = XCConfigurationList;
			buildConfigurations = (
				FAD4648A271A6A5E0011C980 /* Debug */,
				FAD4648B271A6A5E0011C980 /* Release */,
			);
			defaultConfigurationIsVisible = 0;
			defaultConfigurationName = Release;
		};
		FAD4648C271A6A5E0011C980 /* Build configuration list for PBXNativeTarget "assessment" */ = {
			isa = XCConfigurationList;
			buildConfigurations = (
				FAD4648D271A6A5E0011C980 /* Debug */,
				FAD4648E271A6A5E0011C980 /* Release */,
			);
			defaultConfigurationIsVisible = 0;
			defaultConfigurationName = Release;
		};
/* End XCConfigurationList section */
	};
	rootObject = FAD46470271A6A5B0011C980 /* Project object */;
}
